<?xml version="1.0" encoding="utf-8"?>
<Project ToolsVersion="4.0" xmlns="http://schemas.microsoft.com/developer/msbuild/2003">
  <ItemGroup>
    <Filter Include="Vendor">
      <UniqueIdentifier>{935FDCD7-7F01-07AE-68BC-1A0254FD8DFE}</UniqueIdentifier>
    </Filter>
    <Filter Include="Vendor\imgui">
      <UniqueIdentifier>{3D8F64D2-29F2-F376-D277-2C2DBEB9BFF9}</UniqueIdentifier>
    </Filter>
    <Filter Include="Vendor\imgui\backends">
      <UniqueIdentifier>{077E0F8E-73EA-CA88-3CDE-62E6A809EDF0}</UniqueIdentifier>
    </Filter>
    <Filter Include="source">
      <UniqueIdentifier>{76FF3A1C-62A1-65F2-4B5C-7946379DEC42}</UniqueIdentifier>
    </Filter>
  </ItemGroup>
  <ItemGroup>
    <ClInclude Include="source\AccelerationStructure.h">
      <Filter>source</Filter>
    </ClInclude>
    <ClInclude Include="source\Application.h">
      <Filter>source</Filter>
    </ClInclude>
    <ClInclude Include="source\Buffer.h">
      <Filter>source</Filter>
    </ClInclude>
    <ClInclude Include="source\Chunk.h">
      <Filter>source</Filter>
    </ClInclude>
    <ClInclude Include="source\DebugUtils.h">
      <Filter>source</Filter>
    </ClInclude>
    <ClInclude Include="source\ECS.h">
      <Filter>source</Filter>
    </ClInclude>
    <ClInclude Include="source\EntryPoint.h">
      <Filter>source</Filter>
    </ClInclude>
    <ClInclude Include="source\FirstPersonCamera.h">
      <Filter>source</Filter>
    </ClInclude>
    <ClInclude Include="source\MemoryClasses.h">
      <Filter>source</Filter>
    </ClInclude>
    <ClInclude Include="source\Multithreading.h">
      <Filter>source</Filter>
    </ClInclude>
    <ClInclude Include="source\PerformanceTimer.h">
      <Filter>source</Filter>
    </ClInclude>
    <ClInclude Include="source\Timer.h">
      <Filter>source</Filter>
    </ClInclude>
    <ClInclude Include="source\VoxelEngine.h">
      <Filter>source</Filter>
    </ClInclude>
    <ClInclude Include="source\VulkanContext.h">
      <Filter>source</Filter>
    </ClInclude>
    <ClInclude Include="source\World.h">
      <Filter>source</Filter>
    </ClInclude>
  </ItemGroup>
  <ItemGroup>
    <ClCompile Include="..\Vendor\imgui\backends\imgui_impl_glfw.cpp">
      <Filter>Vendor\imgui\backends</Filter>
    </ClCompile>
    <ClCompile Include="..\Vendor\imgui\backends\imgui_impl_vulkan.cpp">
      <Filter>Vendor\imgui\backends</Filter>
    </ClCompile>
    <ClCompile Include="source\Application.cpp">
      <Filter>source</Filter>
    </ClCompile>
    <ClCompile Include="source\Chunk.cpp">
      <Filter>source</Filter>
    </ClCompile>
    <ClCompile Include="source\MemoryClasses.cpp">
      <Filter>source</Filter>
    </ClCompile>
    <ClCompile Include="source\Timer.cpp">
      <Filter>source</Filter>
    </ClCompile>
    <ClCompile Include="source\VoxelEngine.cpp">
      <Filter>source</Filter>
    </ClCompile>
    <ClCompile Include="source\VulkanContext.cpp">
      <Filter>source</Filter>
    </ClCompile>
    <ClCompile Include="source\World.cpp">
      <Filter>source</Filter>
    </ClCompile>
  </ItemGroup>
</Project>